// !$*UTF8*$!
{
	archiveVersion = 1;
	classes = {
	};
	objectVersion = 77;
	objects = {

/* Begin PBXContainerItemProxy section */
		82631E162D8B19BC003587F4 /* PBXContainerItemProxy */ = {
			isa = PBXContainerItemProxy;
			containerPortal = 82631DFD2D8B19BA003587F4 /* Project object */;
			proxyType = 1;
			remoteGlobalIDString = 82631E042D8B19BA003587F4;
			remoteInfo = MyStarbucks;
		};
		82631E202D8B19BC003587F4 /* PBXContainerItemProxy */ = {
			isa = PBXContainerItemProxy;
			containerPortal = 82631DFD2D8B19BA003587F4 /* Project object */;
			proxyType = 1;
			remoteGlobalIDString = 82631E042D8B19BA003587F4;
			remoteInfo = MyStarbucks;
		};
/* End PBXContainerItemProxy section */

/* Begin PBXFileReference section */
		82631E052D8B19BA003587F4 /* MyStarbucks.app */ = {isa = PBXFileReference; explicitFileType = wrapper.application; includeInIndex = 0; path = MyStarbucks.app; sourceTree = BUILT_PRODUCTS_DIR; };
		82631E152D8B19BC003587F4 /* MyStarbucksTests.xctest */ = {isa = PBXFileReference; explicitFileType = wrapper.cfbundle; includeInIndex = 0; path = MyStarbucksTests.xctest; sourceTree = BUILT_PRODUCTS_DIR; };
		82631E1F2D8B19BC003587F4 /* MyStarbucksUITests.xctest */ = {isa = PBXFileReference; explicitFileType = wrapper.cfbundle; includeInIndex = 0; path = MyStarbucksUITests.xctest; sourceTree = BUILT_PRODUCTS_DIR; };
/* End PBXFileReference section */

/* Begin PBXFileSystemSynchronizedRootGroup section */
		82631E072D8B19BA003587F4 /* MyStarbucks */ = {
			isa = PBXFileSystemSynchronizedRootGroup;
			path = MyStarbucks;
			sourceTree = "<group>";
		};
		82631E182D8B19BC003587F4 /* MyStarbucksTests */ = {
			isa = PBXFileSystemSynchronizedRootGroup;
			path = MyStarbucksTests;
			sourceTree = "<group>";
		};
		82631E222D8B19BC003587F4 /* MyStarbucksUITests */ = {
			isa = PBXFileSystemSynchronizedRootGroup;
			path = MyStarbucksUITests;
			sourceTree = "<group>";
		};
/* End PBXFileSystemSynchronizedRootGroup section */

/* Begin PBXFrameworksBuildPhase section */
		82631E022D8B19BA003587F4 /* Frameworks */ = {
			isa = PBXFrameworksBuildPhase;
			buildActionMask = 2147483647;
			files = (
			);
			runOnlyForDeploymentPostprocessing = 0;
		};
		82631E122D8B19BC003587F4 /* Frameworks */ = {
			isa = PBXFrameworksBuildPhase;
			buildActionMask = 2147483647;
			files = (
			);
			runOnlyForDeploymentPostprocessing = 0;
		};
		82631E1C2D8B19BC003587F4 /* Frameworks */ = {
			isa = PBXFrameworksBuildPhase;
			buildActionMask = 2147483647;
			files = (
			);
			runOnlyForDeploymentPostprocessing = 0;
		};
/* End PBXFrameworksBuildPhase section */

/* Begin PBXGroup section */
		82631DFC2D8B19BA003587F4 = {
			isa = PBXGroup;
			children = (
				82631E072D8B19BA003587F4 /* MyStarbucks */,
				82631E182D8B19BC003587F4 /* MyStarbucksTests */,
				82631E222D8B19BC003587F4 /* MyStarbucksUITests */,
				82631E062D8B19BA003587F4 /* Products */,
			);
			sourceTree = "<group>";
		};
		82631E062D8B19BA003587F4 /* Products */ = {
			isa = PBXGroup;
			children = (
				82631E052D8B19BA003587F4 /* MyStarbucks.app */,
				82631E152D8B19BC003587F4 /* MyStarbucksTests.xctest */,
				82631E1F2D8B19BC003587F4 /* MyStarbucksUITests.xctest */,
			);
			name = Products;
			sourceTree = "<group>";
		};
/* End PBXGroup section */

/* Begin PBXNativeTarget section */
		82631E042D8B19BA003587F4 /* MyStarbucks */ = {
			isa = PBXNativeTarget;
			buildConfigurationList = 82631E292D8B19BC003587F4 /* Build configuration list for PBXNativeTarget "MyStarbucks" */;
			buildPhases = (
				82631E012D8B19BA003587F4 /* Sources */,
				82631E022D8B19BA003587F4 /* Frameworks */,
				82631E032D8B19BA003587F4 /* Resources */,
			);
			buildRules = (
			);
			dependencies = (
			);
			fileSystemSynchronizedGroups = (
				82631E072D8B19BA003587F4 /* MyStarbucks */,
			);
			name = MyStarbucks;
			packageProductDependencies = (
			);
			productName = MyStarbucks;
			productReference = 82631E052D8B19BA003587F4 /* MyStarbucks.app */;
			productType = "com.apple.product-type.application";
		};
		82631E142D8B19BC003587F4 /* MyStarbucksTests */ = {
			isa = PBXNativeTarget;
			buildConfigurationList = 82631E2C2D8B19BC003587F4 /* Build configuration list for PBXNativeTarget "MyStarbucksTests" */;
			buildPhases = (
				82631E112D8B19BC003587F4 /* Sources */,
				82631E122D8B19BC003587F4 /* Frameworks */,
				82631E132D8B19BC003587F4 /* Resources */,
			);
			buildRules = (
			);
			dependencies = (
				82631E172D8B19BC003587F4 /* PBXTargetDependency */,
			);
			fileSystemSynchronizedGroups = (
				82631E182D8B19BC003587F4 /* MyStarbucksTests */,
			);
			name = MyStarbucksTests;
			packageProductDependencies = (
			);
			productName = MyStarbucksTests;
			productReference = 82631E152D8B19BC003587F4 /* MyStarbucksTests.xctest */;
			productType = "com.apple.product-type.bundle.unit-test";
		};
		82631E1E2D8B19BC003587F4 /* MyStarbucksUITests */ = {
			isa = PBXNativeTarget;
			buildConfigurationList = 82631E2F2D8B19BC003587F4 /* Build configuration list for PBXNativeTarget "MyStarbucksUITests" */;
			buildPhases = (
				82631E1B2D8B19BC003587F4 /* Sources */,
				82631E1C2D8B19BC003587F4 /* Frameworks */,
				82631E1D2D8B19BC003587F4 /* Resources */,
			);
			buildRules = (
			);
			dependencies = (
				82631E212D8B19BC003587F4 /* PBXTargetDependency */,
			);
			fileSystemSynchronizedGroups = (
				82631E222D8B19BC003587F4 /* MyStarbucksUITests */,
			);
			name = MyStarbucksUITests;
			packageProductDependencies = (
			);
			productName = MyStarbucksUITests;
			productReference = 82631E1F2D8B19BC003587F4 /* MyStarbucksUITests.xctest */;
			productType = "com.apple.product-type.bundle.ui-testing";
		};
/* End PBXNativeTarget section */

/* Begin PBXProject section */
		82631DFD2D8B19BA003587F4 /* Project object */ = {
			isa = PBXProject;
			attributes = {
				BuildIndependentTargetsInParallel = 1;
				LastSwiftUpdateCheck = 1620;
				LastUpgradeCheck = 1620;
				TargetAttributes = {
					82631E042D8B19BA003587F4 = {
						CreatedOnToolsVersion = 16.2;
					};
					82631E142D8B19BC003587F4 = {
						CreatedOnToolsVersion = 16.2;
						TestTargetID = 82631E042D8B19BA003587F4;
					};
					82631E1E2D8B19BC003587F4 = {
						CreatedOnToolsVersion = 16.2;
						TestTargetID = 82631E042D8B19BA003587F4;
					};
				};
			};
			buildConfigurationList = 82631E002D8B19BA003587F4 /* Build configuration list for PBXProject "MyStarbucks" */;
			developmentRegion = en;
			hasScannedForEncodings = 0;
			knownRegions = (
				en,
				Base,
			);
			mainGroup = 82631DFC2D8B19BA003587F4;
			minimizedProjectReferenceProxies = 1;
			preferredProjectObjectVersion = 77;
			productRefGroup = 82631E062D8B19BA003587F4 /* Products */;
			projectDirPath = "";
			projectRoot = "";
			targets = (
				82631E042D8B19BA003587F4 /* MyStarbucks */,
				82631E142D8B19BC003587F4 /* MyStarbucksTests */,
				82631E1E2D8B19BC003587F4 /* MyStarbucksUITests */,
			);
		};
/* End PBXProject section */

/* Begin PBXResourcesBuildPhase section */
		82631E032D8B19BA003587F4 /* Resources */ = {
			isa = PBXResourcesBuildPhase;
			buildActionMask = 2147483647;
			files = (
			);
			runOnlyForDeploymentPostprocessing = 0;
		};
		82631E132D8B19BC003587F4 /* Resources */ = {
			isa = PBXResourcesBuildPhase;
			buildActionMask = 2147483647;
			files = (
			);
			runOnlyForDeploymentPostprocessing = 0;
		};
		82631E1D2D8B19BC003587F4 /* Resources */ = {
			isa = PBXResourcesBuildPhase;
			buildActionMask = 2147483647;
			files = (
			);
			runOnlyForDeploymentPostprocessing = 0;
		};
/* End PBXResourcesBuildPhase section */

/* Begin PBXSourcesBuildPhase section */
		82631E012D8B19BA003587F4 /* Sources */ = {
			isa = PBXSourcesBuildPhase;
			buildActionMask = 2147483647;
			files = (
			);
			runOnlyForDeploymentPostprocessing = 0;
		};
		82631E112D8B19BC003587F4 /* Sources */ = {
			isa = PBXSourcesBuildPhase;
			buildActionMask = 2147483647;
			files = (
			);
			runOnlyForDeploymentPostprocessing = 0;
		};
		82631E1B2D8B19BC003587F4 /* Sources */ = {
			isa = PBXSourcesBuildPhase;
			buildActionMask = 2147483647;
			files = (
			);
			runOnlyForDeploymentPostprocessing = 0;
		};
/* End PBXSourcesBuildPhase section */

/* Begin PBXTargetDependency section */
		82631E172D8B19BC003587F4 /* PBXTargetDependency */ = {
			isa = PBXTargetDependency;
			target = 82631E042D8B19BA003587F4 /* MyStarbucks */;
			targetProxy = 82631E162D8B19BC003587F4 /* PBXContainerItemProxy */;
		};
		82631E212D8B19BC003587F4 /* PBXTargetDependency */ = {
			isa = PBXTargetDependency;
			target = 82631E042D8B19BA003587F4 /* MyStarbucks */;
			targetProxy = 82631E202D8B19BC003587F4 /* PBXContainerItemProxy */;
		};
/* End PBXTargetDependency section */

/* Begin XCBuildConfiguration section */
		82631E272D8B19BC003587F4 /* Debug */ = {
			isa = XCBuildConfiguration;
			buildSettings = {
				ALWAYS_SEARCH_USER_PATHS = NO;
				ASSETCATALOG_COMPILER_GENERATE_SWIFT_ASSET_SYMBOL_EXTENSIONS = YES;
				CLANG_ANALYZER_NONNULL = YES;
				CLANG_ANALYZER_NUMBER_OBJECT_CONVERSION = YES_AGGRESSIVE;
				CLANG_CXX_LANGUAGE_STANDARD = "gnu++20";
				CLANG_ENABLE_MODULES = YES;
				CLANG_ENABLE_OBJC_ARC = YES;
				CLANG_ENABLE_OBJC_WEAK = YES;
				CLANG_WARN_BLOCK_CAPTURE_AUTORELEASING = YES;
				CLANG_WARN_BOOL_CONVERSION = YES;
				CLANG_WARN_COMMA = YES;
				CLANG_WARN_CONSTANT_CONVERSION = YES;
				CLANG_WARN_DEPRECATED_OBJC_IMPLEMENTATIONS = YES;
				CLANG_WARN_DIRECT_OBJC_ISA_USAGE = YES_ERROR;
				CLANG_WARN_DOCUMENTATION_COMMENTS = YES;
				CLANG_WARN_EMPTY_BODY = YES;
				CLANG_WARN_ENUM_CONVERSION = YES;
				CLANG_WARN_INFINITE_RECURSION = YES;
				CLANG_WARN_INT_CONVERSION = YES;
				CLANG_WARN_NON_LITERAL_NULL_CONVERSION = YES;
				CLANG_WARN_OBJC_IMPLICIT_RETAIN_SELF = YES;
				CLANG_WARN_OBJC_LITERAL_CONVERSION = YES;
				CLANG_WARN_OBJC_ROOT_CLASS = YES_ERROR;
				CLANG_WARN_QUOTED_INCLUDE_IN_FRAMEWORK_HEADER = YES;
				CLANG_WARN_RANGE_LOOP_ANALYSIS = YES;
				CLANG_WARN_STRICT_PROTOTYPES = YES;
				CLANG_WARN_SUSPICIOUS_MOVE = YES;
				CLANG_WARN_UNGUARDED_AVAILABILITY = YES_AGGRESSIVE;
				CLANG_WARN_UNREACHABLE_CODE = YES;
				CLANG_WARN__DUPLICATE_METHOD_MATCH = YES;
				COPY_PHASE_STRIP = NO;
				DEBUG_INFORMATION_FORMAT = dwarf;
				ENABLE_STRICT_OBJC_MSGSEND = YES;
				ENABLE_TESTABILITY = YES;
				ENABLE_USER_SCRIPT_SANDBOXING = YES;
				GCC_C_LANGUAGE_STANDARD = gnu17;
				GCC_DYNAMIC_NO_PIC = NO;
				GCC_NO_COMMON_BLOCKS = YES;
				GCC_OPTIMIZATION_LEVEL = 0;
				GCC_PREPROCESSOR_DEFINITIONS = (
					"DEBUG=1",
					"$(inherited)",
				);
				GCC_WARN_64_TO_32_BIT_CONVERSION = YES;
				GCC_WARN_ABOUT_RETURN_TYPE = YES_ERROR;
				GCC_WARN_UNDECLARED_SELECTOR = YES;
				GCC_WARN_UNINITIALIZED_AUTOS = YES_AGGRESSIVE;
				GCC_WARN_UNUSED_FUNCTION = YES;
				GCC_WARN_UNUSED_VARIABLE = YES;
				IPHONEOS_DEPLOYMENT_TARGET = 18.2;
				LOCALIZATION_PREFERS_STRING_CATALOGS = YES;
				MTL_ENABLE_DEBUG_INFO = INCLUDE_SOURCE;
				MTL_FAST_MATH = YES;
				ONLY_ACTIVE_ARCH = YES;
				SDKROOT = iphoneos;
				SWIFT_ACTIVE_COMPILATION_CONDITIONS = "DEBUG $(inherited)";
				SWIFT_OPTIMIZATION_LEVEL = "-Onone";
			};
			name = Debug;
		};
		82631E282D8B19BC003587F4 /* Release */ = {
			isa = XCBuildConfiguration;
			buildSettings = {
				ALWAYS_SEARCH_USER_PATHS = NO;
				ASSETCATALOG_COMPILER_GENERATE_SWIFT_ASSET_SYMBOL_EXTENSIONS = YES;
				CLANG_ANALYZER_NONNULL = YES;
				CLANG_ANALYZER_NUMBER_OBJECT_CONVERSION = YES_AGGRESSIVE;
				CLANG_CXX_LANGUAGE_STANDARD = "gnu++20";
				CLANG_ENABLE_MODULES = YES;
				CLANG_ENABLE_OBJC_ARC = YES;
				CLANG_ENABLE_OBJC_WEAK = YES;
				CLANG_WARN_BLOCK_CAPTURE_AUTORELEASING = YES;
				CLANG_WARN_BOOL_CONVERSION = YES;
				CLANG_WARN_COMMA = YES;
				CLANG_WARN_CONSTANT_CONVERSION = YES;
				CLANG_WARN_DEPRECATED_OBJC_IMPLEMENTATIONS = YES;
				CLANG_WARN_DIRECT_OBJC_ISA_USAGE = YES_ERROR;
				CLANG_WARN_DOCUMENTATION_COMMENTS = YES;
				CLANG_WARN_EMPTY_BODY = YES;
				CLANG_WARN_ENUM_CONVERSION = YES;
				CLANG_WARN_INFINITE_RECURSION = YES;
				CLANG_WARN_INT_CONVERSION = YES;
				CLANG_WARN_NON_LITERAL_NULL_CONVERSION = YES;
				CLANG_WARN_OBJC_IMPLICIT_RETAIN_SELF = YES;
				CLANG_WARN_OBJC_LITERAL_CONVERSION = YES;
				CLANG_WARN_OBJC_ROOT_CLASS = YES_ERROR;
				CLANG_WARN_QUOTED_INCLUDE_IN_FRAMEWORK_HEADER = YES;
				CLANG_WARN_RANGE_LOOP_ANALYSIS = YES;
				CLANG_WARN_STRICT_PROTOTYPES = YES;
				CLANG_WARN_SUSPICIOUS_MOVE = YES;
				CLANG_WARN_UNGUARDED_AVAILABILITY = YES_AGGRESSIVE;
				CLANG_WARN_UNREACHABLE_CODE = YES;
				CLANG_WARN__DUPLICATE_METHOD_MATCH = YES;
				COPY_PHASE_STRIP = NO;
				DEBUG_INFORMATION_FORMAT = "dwarf-with-dsym";
				ENABLE_NS_ASSERTIONS = NO;
				ENABLE_STRICT_OBJC_MSGSEND = YES;
				ENABLE_USER_SCRIPT_SANDBOXING = YES;
				GCC_C_LANGUAGE_STANDARD = gnu17;
				GCC_NO_COMMON_BLOCKS = YES;
				GCC_WARN_64_TO_32_BIT_CONVERSION = YES;
				GCC_WARN_ABOUT_RETURN_TYPE = YES_ERROR;
				GCC_WARN_UNDECLARED_SELECTOR = YES;
				GCC_WARN_UNINITIALIZED_AUTOS = YES_AGGRESSIVE;
				GCC_WARN_UNUSED_FUNCTION = YES;
				GCC_WARN_UNUSED_VARIABLE = YES;
				IPHONEOS_DEPLOYMENT_TARGET = 18.2;
				LOCALIZATION_PREFERS_STRING_CATALOGS = YES;
				MTL_ENABLE_DEBUG_INFO = NO;
				MTL_FAST_MATH = YES;
				SDKROOT = iphoneos;
				SWIFT_COMPILATION_MODE = wholemodule;
				VALIDATE_PRODUCT = YES;
			};
			name = Release;
		};
		82631E2A2D8B19BC003587F4 /* Debug */ = {
			isa = XCBuildConfiguration;
			buildSettings = {
				ASSETCATALOG_COMPILER_APPICON_NAME = AppIcon;
				ASSETCATALOG_COMPILER_GLOBAL_ACCENT_COLOR_NAME = AccentColor;
				CODE_SIGN_STYLE = Automatic;
				CURRENT_PROJECT_VERSION = 1;
				DEVELOPMENT_ASSET_PATHS = "\"MyStarbucks/Preview Content\"";
				ENABLE_PREVIEWS = YES;
				GENERATE_INFOPLIST_FILE = YES;
				INFOPLIST_KEY_UIApplicationSceneManifest_Generation = YES;
				INFOPLIST_KEY_UIApplicationSupportsIndirectInputEvents = YES;
				INFOPLIST_KEY_UILaunchScreen_Generation = YES;
				INFOPLIST_KEY_UISupportedInterfaceOrientations_iPad = "UIInterfaceOrientationPortrait UIInterfaceOrientationPortraitUpsideDown UIInterfaceOrientationLandscapeLeft UIInterfaceOrientationLandscapeRight";
				INFOPLIST_KEY_UISupportedInterfaceOrientations_iPhone = "UIInterfaceOrientationPortrait UIInterfaceOrientationLandscapeLeft UIInterfaceOrientationLandscapeRight";
				LD_RUNPATH_SEARCH_PATHS = (
					"$(inherited)",
					"@executable_path/Frameworks",
				);
				MARKETING_VERSION = 1.0;
				PRODUCT_BUNDLE_IDENTIFIER = com.TestMap.MyStarbucks;
				PRODUCT_NAME = "$(TARGET_NAME)";
				SWIFT_EMIT_LOC_STRINGS = YES;
				SWIFT_VERSION = 5.0;
				TARGETED_DEVICE_FAMILY = "1,2";
			};
			name = Debug;
		};
		82631E2B2D8B19BC003587F4 /* Release */ = {
			isa = XCBuildConfiguration;
			buildSettings = {
				ASSETCATALOG_COMPILER_APPICON_NAME = AppIcon;
				ASSETCATALOG_COMPILER_GLOBAL_ACCENT_COLOR_NAME = AccentColor;
				CODE_SIGN_STYLE = Automatic;
				CURRENT_PROJECT_VERSION = 1;
				DEVELOPMENT_ASSET_PATHS = "\"MyStarbucks/Preview Content\"";
				ENABLE_PREVIEWS = YES;
				GENERATE_INFOPLIST_FILE = YES;
				INFOPLIST_KEY_UIApplicationSceneManifest_Generation = YES;
				INFOPLIST_KEY_UIApplicationSupportsIndirectInputEvents = YES;
				INFOPLIST_KEY_UILaunchScreen_Generation = YES;
				INFOPLIST_KEY_UISupportedInterfaceOrientations_iPad = "UIInterfaceOrientationPortrait UIInterfaceOrientationPortraitUpsideDown UIInterfaceOrientationLandscapeLeft UIInterfaceOrientationLandscapeRight";
				INFOPLIST_KEY_UISupportedInterfaceOrientations_iPhone = "UIInterfaceOrientationPortrait UIInterfaceOrientationLandscapeLeft UIInterfaceOrientationLandscapeRight";
				LD_RUNPATH_SEARCH_PATHS = (
					"$(inherited)",
					"@executable_path/Frameworks",
				);
				MARKETING_VERSION = 1.0;
				PRODUCT_BUNDLE_IDENTIFIER = com.TestMap.MyStarbucks;
				PRODUCT_NAME = "$(TARGET_NAME)";
				SWIFT_EMIT_LOC_STRINGS = YES;
				SWIFT_VERSION = 5.0;
				TARGETED_DEVICE_FAMILY = "1,2";
			};
			name = Release;
		};
		82631E2D2D8B19BC003587F4 /* Debug */ = {
			isa = XCBuildConfiguration;
			buildSettings = {
				BUNDLE_LOADER = "$(TEST_HOST)";
				CODE_SIGN_STYLE = Automatic;
				CURRENT_PROJECT_VERSION = 1;
				GENERATE_INFOPLIST_FILE = YES;
				IPHONEOS_DEPLOYMENT_TARGET = 18.2;
				MARKETING_VERSION = 1.0;
				PRODUCT_BUNDLE_IDENTIFIER = com.TestMap.MyStarbucksTests;
				PRODUCT_NAME = "$(TARGET_NAME)";
				SWIFT_EMIT_LOC_STRINGS = NO;
				SWIFT_VERSION = 5.0;
				TARGETED_DEVICE_FAMILY = "1,2";
				TEST_HOST = "$(BUILT_PRODUCTS_DIR)/MyStarbucks.app/$(BUNDLE_EXECUTABLE_FOLDER_PATH)/MyStarbucks";
			};
			name = Debug;
		};
		82631E2E2D8B19BC003587F4 /* Release */ = {
			isa = XCBuildConfiguration;
			buildSettings = {
				BUNDLE_LOADER = "$(TEST_HOST)";
				CODE_SIGN_STYLE = Automatic;
				CURRENT_PROJECT_VERSION = 1;
				GENERATE_INFOPLIST_FILE = YES;
				IPHONEOS_DEPLOYMENT_TARGET = 18.2;
				MARKETING_VERSION = 1.0;
				PRODUCT_BUNDLE_IDENTIFIER = com.TestMap.MyStarbucksTests;
				PRODUCT_NAME = "$(TARGET_NAME)";
				SWIFT_EMIT_LOC_STRINGS = NO;
				SWIFT_VERSION = 5.0;
				TARGETED_DEVICE_FAMILY = "1,2";
				TEST_HOST = "$(BUILT_PRODUCTS_DIR)/MyStarbucks.app/$(BUNDLE_EXECUTABLE_FOLDER_PATH)/MyStarbucks";
			};
			name = Release;
		};
		82631E302D8B19BC003587F4 /* Debug */ = {
			isa = XCBuildConfiguration;
			buildSettings = {
				CODE_SIGN_STYLE = Automatic;
				CURRENT_PROJECT_VERSION = 1;
				GENERATE_INFOPLIST_FILE = YES;
				MARKETING_VERSION = 1.0;
				PRODUCT_BUNDLE_IDENTIFIER = com.TestMap.MyStarbucksUITests;
				PRODUCT_NAME = "$(TARGET_NAME)";
				SWIFT_EMIT_LOC_STRINGS = NO;
				SWIFT_VERSION = 5.0;
				TARGETED_DEVICE_FAMILY = "1,2";
				TEST_TARGET_NAME = MyStarbucks;
			};
			name = Debug;
		};
		82631E312D8B19BC003587F4 /* Release */ = {
			isa = XCBuildConfiguration;
			buildSettings = {
				CODE_SIGN_STYLE = Automatic;
				CURRENT_PROJECT_VERSION = 1;
				GENERATE_INFOPLIST_FILE = YES;
				MARKETING_VERSION = 1.0;
				PRODUCT_BUNDLE_IDENTIFIER = com.TestMap.MyStarbucksUITests;
				PRODUCT_NAME = "$(TARGET_NAME)";
				SWIFT_EMIT_LOC_STRINGS = NO;
				SWIFT_VERSION = 5.0;
				TARGETED_DEVICE_FAMILY = "1,2";
				TEST_TARGET_NAME = MyStarbucks;
			};
			name = Release;
		};
/* End XCBuildConfiguration section */

/* Begin XCConfigurationList section */
		82631E002D8B19BA003587F4 /* Build configuration list for PBXProject "MyStarbucks" */ = {
			isa = XCConfigurationList;
			buildConfigurations = (
				82631E272D8B19BC003587F4 /* Debug */,
				82631E282D8B19BC003587F4 /* Release */,
			);
			defaultConfigurationIsVisible = 0;
			defaultConfigurationName = Release;
		};
		82631E292D8B19BC003587F4 /* Build configuration list for PBXNativeTarget "MyStarbucks" */ = {
			isa = XCConfigurationList;
			buildConfigurations = (
				82631E2A2D8B19BC003587F4 /* Debug */,
				82631E2B2D8B19BC003587F4 /* Release */,
			);
			defaultConfigurationIsVisible = 0;
			defaultConfigurationName = Release;
		};
		82631E2C2D8B19BC003587F4 /* Build configuration list for PBXNativeTarget "MyStarbucksTests" */ = {
			isa = XCConfigurationList;
			buildConfigurations = (
				82631E2D2D8B19BC003587F4 /* Debug */,
				82631E2E2D8B19BC003587F4 /* Release */,
			);
			defaultConfigurationIsVisible = 0;
			defaultConfigurationName = Release;
		};
		82631E2F2D8B19BC003587F4 /* Build configuration list for PBXNativeTarget "MyStarbucksUITests" */ = {
			isa = XCConfigurationList;
			buildConfigurations = (
				82631E302D8B19BC003587F4 /* Debug */,
				82631E312D8B19BC003587F4 /* Release */,
			);
			defaultConfigurationIsVisible = 0;
			defaultConfigurationName = Release;
		};
/* End XCConfigurationList section */
	};
	rootObject = 82631DFD2D8B19BA003587F4 /* Project object */;
}
